# THIS IS AN AUTOGENERATED FILE. DO NOT EDIT THIS FILE DIRECTLY.
# yarn lockfile v1


"@babel/runtime@^7.13.8", "@babel/runtime@^7.14.0", "@babel/runtime@^7.5.5", "@babel/runtime@^7.6.3", "@babel/runtime@^7.8.7":
  version "7.15.3"
  resolved "https://registry.yarnpkg.com/@babel/runtime/-/runtime-7.15.3.tgz#2e1c2880ca118e5b2f9988322bd8a7656a32502b"
  integrity sha512-OvwMLqNXkCXSz1kSm58sEsNuhqOx/fKpnUnKnFB5v8uDda5bLNEHNgKPvhDN6IU0LDcnHQ90LlJ0Q6jnyBSIBA==
  dependencies:
    regenerator-runtime "^0.13.4"

"@next/env@13.5.0":
  version "13.5.0"
  resolved "https://registry.yarnpkg.com/@next/env/-/env-13.5.0.tgz#a61dee2f29b09985847eabcc4c8a815031267a36"
  integrity sha512-mxhf/BskjPURT+qEjNP7wBvqre2q6OXEIbydF8BrH+duSSJQnB4/vzzuJDoahYwTXiUaXpouAnMWHZdG0HU62g==

"@next/swc-darwin-arm64@13.5.0":
  version "13.5.0"
  resolved "https://registry.yarnpkg.com/@next/swc-darwin-arm64/-/swc-darwin-arm64-13.5.0.tgz#45ea191e13593088572d0048d4ddfc1fcdb3c8ed"
  integrity sha512-DavPD8oRjSoCRJana5DCAWdRZ4nbS7/pPw13DlnukFfMPJUk5hCAC3+NbqEyekS/X1IBFdZWSV2lJIdzTn4s6w==

"@next/swc-darwin-x64@13.5.0":
  version "13.5.0"
  resolved "https://registry.yarnpkg.com/@next/swc-darwin-x64/-/swc-darwin-x64-13.5.0.tgz#582e8df7d563c057581bc118fff1cea79391d6e7"
  integrity sha512-s5QSKKB0CTKFWp3CNMC5GH1YOipH1Jjr5P3w+RQTC4Aybo6xPqeWp/UyDW0fxmLRq0e1zgnOMgDQRdxAkoThrw==

"@next/swc-linux-arm64-gnu@13.5.0":
  version "13.5.0"
  resolved "https://registry.yarnpkg.com/@next/swc-linux-arm64-gnu/-/swc-linux-arm64-gnu-13.5.0.tgz#7ee0a43b6635eca1e80a887304b7bfe31254a4a6"
  integrity sha512-E0fCKA8F2vfgZWwcv4iq642No75EiACSNUBNGvc5lx/ylqAUdNwE/9+x2SHv+LPUXFhZ6hZLR0Qox/oKgZqFlg==

"@next/swc-linux-arm64-musl@13.5.0":
  version "13.5.0"
  resolved "https://registry.yarnpkg.com/@next/swc-linux-arm64-musl/-/swc-linux-arm64-musl-13.5.0.tgz#99a1efd6b68a4d0dfdc24b81f14cd8b8251425a9"
  integrity sha512-jG/blDDLndFRUcafCQO4TOI3VuoIZh3jQriZ7JaVCgAEZe0D1EUrxKdbBarZ74isutHZ6DpNGRDi/0OHFZpJAA==

"@next/swc-linux-x64-gnu@13.5.0":
  version "13.5.0"
  resolved "https://registry.yarnpkg.com/@next/swc-linux-x64-gnu/-/swc-linux-x64-gnu-13.5.0.tgz#7c85acd45879a20d8fb102b3212e792924d02e93"
  integrity sha512-6JWR7U41uNL6HGwNbGg3Oedt+FN4YuA126sHWKTq3ic5kkhEusIIdVo7+WcswVJl8nTMB1yT3gEPwygQbVYVUA==

"@next/swc-linux-x64-musl@13.5.0":
  version "13.5.0"
  resolved "https://registry.yarnpkg.com/@next/swc-linux-x64-musl/-/swc-linux-x64-musl-13.5.0.tgz#23aad9ab7621f53bb947b727e659d85e74b0e31a"
  integrity sha512-uY+wrYfD5QUossqznwidOpJYmmcBwojToZx55shihtbTl6afVYzOxsUbRXLdWmZAa36ckxXpqkvuFNS8icQuug==

"@next/swc-win32-arm64-msvc@13.5.0":
  version "13.5.0"
  resolved "https://registry.yarnpkg.com/@next/swc-win32-arm64-msvc/-/swc-win32-arm64-msvc-13.5.0.tgz#5a45686335e5f54342faf9d9ed25f55a4107ce7f"
  integrity sha512-lWZ5vJTULxTOdLcRmrllNgAdDRSDwk8oqJMyDxpqS691NG5uhle9ZwRj3g1F1/vHNkDa+B7PmWhQgG0nmlbKZg==

"@next/swc-win32-ia32-msvc@13.5.0":
  version "13.5.0"
  resolved "https://registry.yarnpkg.com/@next/swc-win32-ia32-msvc/-/swc-win32-ia32-msvc-13.5.0.tgz#b9990965762aaa109bdeb7b49cbdc7e4af7f9014"
  integrity sha512-jirQXnVCU9hi3cHzgd33d4qSBXn1/0gUT/KtXqy9Ux9OTcIcjJT3TcAzoLJLTdhRg7op3MZoSnuFeWl8kmGGNw==

"@next/swc-win32-x64-msvc@13.5.0":
  version "13.5.0"
  resolved "https://registry.yarnpkg.com/@next/swc-win32-x64-msvc/-/swc-win32-x64-msvc-13.5.0.tgz#4385c5d9c0db39c2623aed566b3ec7fedaf6f190"
  integrity sha512-Q8QYLyWcMMUp3DohI04VyJbLNCfFMNTxYNhujvJD2lowuqnqApUBP2DxI/jCZRMFWgKi76n5u8UboLVeYXn6jA==

"@popperjs/core@^2.8.6":
  version "2.9.3"
  resolved "https://registry.yarnpkg.com/@popperjs/core/-/core-2.9.3.tgz#8b68da1ebd7fc603999cf6ebee34a4899a14b88e"
  integrity sha512-xDu17cEfh7Kid/d95kB6tZsLOmSWKCZKtprnhVepjsSaCij+lM3mItSJDuuHDMbCWTh8Ejmebwb+KONcCJ0eXQ==

"@restart/context@^2.1.4":
  version "2.1.4"
  resolved "https://registry.yarnpkg.com/@restart/context/-/context-2.1.4.tgz#a99d87c299a34c28bd85bb489cb07bfd23149c02"
  integrity sha512-INJYZQJP7g+IoDUh/475NlGiTeMfwTXUEr3tmRneckHIxNolGOW9CTq83S8cxq0CgJwwcMzMJFchxvlwe7Rk8Q==

"@restart/hooks@^0.3.26":
  version "0.3.27"
  resolved "https://registry.yarnpkg.com/@restart/hooks/-/hooks-0.3.27.tgz#91f356d66d4699a8cd8b3d008402708b6a9dc505"
  integrity sha512-s984xV/EapUIfkjlf8wz9weP2O9TNKR96C68FfMEy2bE69+H4cNv3RD4Mf97lW7Htt7PjZrYTjSC8f3SB9VCXw==
  dependencies:
    dequal "^2.0.2"

"@swc/helpers@0.5.2":
  version "0.5.2"
  resolved "https://registry.yarnpkg.com/@swc/helpers/-/helpers-0.5.2.tgz#85ea0c76450b61ad7d10a37050289eded783c27d"
  integrity sha512-E4KcWTpoLHqwPHLxidpOqQbcrZVgi0rsmmZXUle1jXmJfuIf/UWpczUJ7MZZ5tlxytgJXyp0w4PGkkeLiuIdZw==
  dependencies:
    tslib "^2.4.0"

"@types/invariant@^2.2.33":
  version "2.2.34"
  resolved "https://registry.yarnpkg.com/@types/invariant/-/invariant-2.2.34.tgz#05e4f79f465c2007884374d4795452f995720bbe"
  integrity sha512-lYUtmJ9BqUN688fGY1U1HZoWT1/Jrmgigx2loq4ZcJpICECm/Om3V314BxdzypO0u5PORKGMM6x0OXaljV1YFg==

"@types/node@^16.6.1":
  version "16.6.1"
  resolved "https://registry.yarnpkg.com/@types/node/-/node-16.6.1.tgz#aee62c7b966f55fc66c7b6dfa1d58db2a616da61"
  integrity sha512-Sr7BhXEAer9xyGuCN3Ek9eg9xPviCF2gfu9kTfuU2HkTVAMYSDeX40fvpmo72n5nansg3nsBjuQBrsS28r+NUw==

"@types/prop-types@*", "@types/prop-types@^15.7.3":
  version "15.7.4"
  resolved "https://registry.yarnpkg.com/@types/prop-types/-/prop-types-15.7.4.tgz#fcf7205c25dff795ee79af1e30da2c9790808f11"
  integrity sha512-rZ5drC/jWjrArrS8BR6SIr4cWpW09RNTYt9AMZo3Jwwif+iacXAqgVjm0B0Bv/S1jhDXKHqRVNCbACkJ89RAnQ==

"@types/react-bootstrap@^0.32.26":
  version "0.32.26"
  resolved "https://registry.yarnpkg.com/@types/react-bootstrap/-/react-bootstrap-0.32.26.tgz#7309c5ff46684dcdb5e9e0fd21201cdf13ff43b0"
  integrity sha512-IugRlKW82adDmfEm2bgq6l08T6MQX8smlZTX2eguiP0GiL0WRGwc3kYtdBl5BhEpUSGx4wP8Upff2/GtqTOlJw==
  dependencies:
    "@types/react" "*"

"@types/react-copy-to-clipboard@^5.0.1":
  version "5.0.1"
  resolved "https://registry.yarnpkg.com/@types/react-copy-to-clipboard/-/react-copy-to-clipboard-5.0.1.tgz#7d9c2c0af52e2e8106ebe2b9fde4f02859af7a3d"
  integrity sha512-CDuRrJWEIdfKFC4vbwpXT3vk0O4gA/I/Kxu/1npUvGc2Yey5swPvsgO3JEnQkIUwdnYUbwUYDE/fTFQVgqr4oA==
  dependencies:
    "@types/react" "*"

"@types/react-transition-group@^4.4.1":
  version "4.4.2"
  resolved "https://registry.yarnpkg.com/@types/react-transition-group/-/react-transition-group-4.4.2.tgz#38890fd9db68bf1f2252b99a942998dc7877c5b3"
  integrity sha512-KibDWL6nshuOJ0fu8ll7QnV/LVTo3PzQ9aCPnRUYPfX7eZohHwLIdNHj7pftanREzHNP4/nJa8oeM73uSiavMQ==
  dependencies:
    "@types/react" "*"

"@types/react@*", "@types/react@>=16.14.8", "@types/react@>=16.9.11", "@types/react@^17.0.17":
  version "17.0.17"
  resolved "https://registry.yarnpkg.com/@types/react/-/react-17.0.17.tgz#1772d3d5425128e0635a716f49ef57c2955df055"
  integrity sha512-nrfi7I13cAmrd0wje8czYpf5SFbryczCtPzFc6ijqvdjKcyA3tCvGxwchOUlxb2ucBPuJ9Y3oUqKrRqZvrz0lw==
  dependencies:
    "@types/prop-types" "*"
    "@types/scheduler" "*"
    csstype "^3.0.2"

"@types/scheduler@*":
  version "0.16.2"
  resolved "https://registry.yarnpkg.com/@types/scheduler/-/scheduler-0.16.2.tgz#1a62f89525723dde24ba1b01b092bf5df8ad4d39"
  integrity sha512-hppQEBDmlwhFAXKJX2KnWLYu5yMfi91yazPb2l+lbJiwW+wdo1gNeRA+3RgNSO39WYX2euey41KEwnqesU2Jew==

"@types/warning@^3.0.0":
  version "3.0.0"
  resolved "https://registry.yarnpkg.com/@types/warning/-/warning-3.0.0.tgz#0d2501268ad8f9962b740d387c4654f5f8e23e52"
  integrity sha1-DSUBJorY+ZYrdA04fEZU9fjiPlI=

array-union@^1.0.1:
  version "1.0.2"
  resolved "https://registry.yarnpkg.com/array-union/-/array-union-1.0.2.tgz#9a34410e4f4e3da23dea375be5be70f24778ec39"
  integrity sha1-mjRBDk9OPaI96jdb5b5w8kd47Dk=
  dependencies:
    array-uniq "^1.0.1"

array-uniq@^1.0.1:
  version "1.0.3"
  resolved "https://registry.yarnpkg.com/array-uniq/-/array-uniq-1.0.3.tgz#af6ac877a25cc7f74e058894753858dfdb24fdb6"
  integrity sha1-r2rId6Jcx/dOBYiUdThY39sk/bY=

async@^2.6.1:
  version "2.6.4"
  resolved "https://registry.yarnpkg.com/async/-/async-2.6.4.tgz#706b7ff6084664cd7eae713f6f965433b5504221"
  integrity sha512-mzo5dfJYwAn29PeiJ0zvwTo04zj8HDJj0Mn8TD7sno7q12prdbnasKJHhkm2c1LgrhlJ0teaea8860oxi51mGA==
  dependencies:
    lodash "^4.17.14"

balanced-match@^1.0.0:
  version "1.0.2"
  resolved "https://registry.yarnpkg.com/balanced-match/-/balanced-match-1.0.2.tgz#e83e3a7e3f300b34cb9d87f615fa0cbf357690ee"
  integrity sha512-3oSeUO0TMV67hN1AmbXsK4yaqU7tjiHlbxRDZOpH0KW9+CeX4bRAaX0Anxt0tx2MrpRpWwQaPwIlISEJhYU5Pw==

bootstrap@^5.1.0:
  version "5.1.0"
  resolved "https://registry.yarnpkg.com/bootstrap/-/bootstrap-5.1.0.tgz#543ef8f44f4b9af67b0230f19508542fec38ef55"
  integrity sha512-bs74WNI9BgBo3cEovmdMHikSKoXnDgA6VQjJ7TyTotU6L7d41ZyCEEelPwkYEzsG/Zjv3ie9IE3EMAje0W9Xew==

brace-expansion@^1.1.7:
  version "1.1.11"
  resolved "https://registry.yarnpkg.com/brace-expansion/-/brace-expansion-1.1.11.tgz#3c7fcbf529d87226f3d2f52b966ff5271eb441dd"
  integrity sha512-iCuPHDFgrHX7H2vEI/5xpz07zSHB00TpugqhmYtVmMO6518mCuRMoOYFldEBl0g187ufozdaHgWKcYFb61qGiA==
  dependencies:
    balanced-match "^1.0.0"
    concat-map "0.0.1"

busboy@1.6.0:
  version "1.6.0"
  resolved "https://registry.yarnpkg.com/busboy/-/busboy-1.6.0.tgz#966ea36a9502e43cdb9146962523b92f531f6893"
  integrity sha512-8SFQbg/0hQ9xy3UNTB0YEnsNBbWfhf7RtnzpL7TkBiTBRfrQ9Fxcnz7VJsleJpyp6rVLvXiuORqjlHi5q+PYuA==
  dependencies:
    streamsearch "^1.1.0"

caniuse-lite@^1.0.30001406:
  version "1.0.30001553"
  resolved "https://registry.yarnpkg.com/caniuse-lite/-/caniuse-lite-1.0.30001553.tgz#e64e7dc8fd4885cd246bb476471420beb5e474b5"
  integrity sha512-N0ttd6TrFfuqKNi+pMgWJTb9qrdJu4JSpgPFLe/lrD19ugC6fZgF0pUewRowDwzdDnb9V41mFcdlYgl/PyKf4A==

classnames@^2.3.1:
  version "2.3.1"
  resolved "https://registry.yarnpkg.com/classnames/-/classnames-2.3.1.tgz#dfcfa3891e306ec1dad105d0e88f4417b8535e8e"
  integrity sha512-OlQdbZ7gLfGarSqxesMesDa5uz7KFbID8Kpq/SxIoNGDqY8lSYs0D+hhtBXhcdB3rcbXArFr7vlHheLk1voeNA==

client-only@0.0.1:
  version "0.0.1"
  resolved "https://registry.yarnpkg.com/client-only/-/client-only-0.0.1.tgz#38bba5d403c41ab150bff64a95c85013cf73bca1"
  integrity sha512-IV3Ou0jSMzZrd3pZ48nLkT9DA7Ag1pnPzaiQhpW7c3RbcqqzvzzVu+L8gfqMp/8IM2MQtSiqaCxrrcfu8I8rMA==

commander@^2.18.0:
  version "2.20.3"
  resolved "https://registry.yarnpkg.com/commander/-/commander-2.20.3.tgz#fd485e84c03eb4881c20722ba48035e8531aeb33"
  integrity sha512-GpVkmM8vF2vQUkj2LvZmD35JxeJOLCwJ9cUkugyk2nuhbv3+mJvpLYYt+0+USMxE+oj+ey/lJEnhZw75x/OMcQ==

commondir@^1.0.1:
  version "1.0.1"
  resolved "https://registry.yarnpkg.com/commondir/-/commondir-1.0.1.tgz#ddd800da0c66127393cca5950ea968a3aaf1253b"
  integrity sha1-3dgA2gxmEnOTzKWVDqloo6rxJTs=

concat-map@0.0.1:
  version "0.0.1"
  resolved "https://registry.yarnpkg.com/concat-map/-/concat-map-0.0.1.tgz#d8a96bd77fd68df7793a73036a3ba0d5405d477b"
  integrity sha1-2Klr13/Wjfd5OnMDajug1UBdR3s=

copy-to-clipboard@^3:
  version "3.3.1"
  resolved "https://registry.yarnpkg.com/copy-to-clipboard/-/copy-to-clipboard-3.3.1.tgz#115aa1a9998ffab6196f93076ad6da3b913662ae"
  integrity sha512-i13qo6kIHTTpCm8/Wup+0b1mVWETvu2kIMzKoK8FpkLkFxlt0znUAHcMzox+T8sPlqtZXq3CulEjQHsYiGFJUw==
  dependencies:
    toggle-selection "^1.0.6"

csstype@^3.0.2:
  version "3.0.8"
  resolved "https://registry.yarnpkg.com/csstype/-/csstype-3.0.8.tgz#d2266a792729fb227cd216fb572f43728e1ad340"
  integrity sha512-jXKhWqXPmlUeoQnF/EhTtTl4C9SnrxSH/jZUih3jmO6lBKr99rP3/+FmrMj4EFpOXzMtXHAZkd3x0E6h6Fgflw==

dequal@^2.0.2:
  version "2.0.2"
  resolved "https://registry.yarnpkg.com/dequal/-/dequal-2.0.2.tgz#85ca22025e3a87e65ef75a7a437b35284a7e319d"
  integrity sha512-q9K8BlJVxK7hQYqa6XISGmBZbtQQWVXSrRrWreHC94rMt1QL/Impruc+7p2CYSYuVIUr+YCt6hjrs1kkdJRTug==

dom-helpers@^5.0.1, dom-helpers@^5.2.0, dom-helpers@^5.2.1:
  version "5.2.1"
  resolved "https://registry.yarnpkg.com/dom-helpers/-/dom-helpers-5.2.1.tgz#d9400536b2bf8225ad98fe052e029451ac40e902"
  integrity sha512-nRCa7CK3VTrM2NmGkIy4cbK7IZlgBE/PYMn55rrXefr5xXDP0LdtfPnblFDoVdcAfslJ7or6iqAUnx0CCGIWQA==
  dependencies:
    "@babel/runtime" "^7.8.7"
    csstype "^3.0.2"

email-addresses@^3.0.1:
  version "3.1.0"
  resolved "https://registry.yarnpkg.com/email-addresses/-/email-addresses-3.1.0.tgz#cabf7e085cbdb63008a70319a74e6136188812fb"
  integrity sha512-k0/r7GrWVL32kZlGwfPNgB2Y/mMXVTq/decgLczm/j34whdaspNrZO8CnXPf1laaHxI6ptUlsnAxN+UAPw+fzg==

escape-string-regexp@^1.0.2:
  version "1.0.5"
  resolved "https://registry.yarnpkg.com/escape-string-regexp/-/escape-string-regexp-1.0.5.tgz#1b61c0562190a8dff6ae3bb2cf0200ca130b86d4"
  integrity sha1-G2HAViGQqN/2rjuyzwIAyhMLhtQ=

filename-reserved-regex@^2.0.0:
  version "2.0.0"
  resolved "https://registry.yarnpkg.com/filename-reserved-regex/-/filename-reserved-regex-2.0.0.tgz#abf73dfab735d045440abfea2d91f389ebbfa229"
  integrity sha1-q/c9+rc10EVECr/qLZHzieu/oik=

filenamify@^4.3.0:
  version "4.3.0"
  resolved "https://registry.yarnpkg.com/filenamify/-/filenamify-4.3.0.tgz#62391cb58f02b09971c9d4f9d63b3cf9aba03106"
  integrity sha512-hcFKyUG57yWGAzu1CMt/dPzYZuv+jAJUT85bL8mrXvNe6hWj6yEHEc4EdcgiA6Z3oi1/9wXJdZPXF2dZNgwgOg==
  dependencies:
    filename-reserved-regex "^2.0.0"
    strip-outer "^1.0.1"
    trim-repeated "^1.0.0"

find-cache-dir@^3.3.1:
  version "3.3.2"
  resolved "https://registry.yarnpkg.com/find-cache-dir/-/find-cache-dir-3.3.2.tgz#b30c5b6eff0730731aea9bbd9dbecbd80256d64b"
  integrity sha512-wXZV5emFEjrridIgED11OoUKLxiYjAcqot/NJdAkOhlJ+vGzwhOAfcG5OX1jP+S0PcjEn8bdMJv+g2jwQ3Onig==
  dependencies:
    commondir "^1.0.1"
    make-dir "^3.0.2"
    pkg-dir "^4.1.0"

find-up@^4.0.0:
  version "4.1.0"
  resolved "https://registry.yarnpkg.com/find-up/-/find-up-4.1.0.tgz#97afe7d6cdc0bc5928584b7c8d7b16e8a9aa5d19"
  integrity sha512-PpOwAdQ/YlXQ2vj8a3h8IipDuYRi3wceVQQGYWxNINccq40Anw7BlsEXCMbt1Zt+OLA6Fq9suIpIWD0OsnISlw==
  dependencies:
    locate-path "^5.0.0"
    path-exists "^4.0.0"

fs-extra@^8.1.0:
  version "8.1.0"
  resolved "https://registry.yarnpkg.com/fs-extra/-/fs-extra-8.1.0.tgz#49d43c45a88cd9677668cb7be1b46efdb8d2e1c0"
  integrity sha512-yhlQgA6mnOJUKOsRUFsgJdQCvkKhcz8tlZG5HBQfReYZy46OwLcY+Zia0mtdHsOo9y/hP+CxMN0TU9QxoOtG4g==
  dependencies:
    graceful-fs "^4.2.0"
    jsonfile "^4.0.0"
    universalify "^0.1.0"

fs.realpath@^1.0.0:
  version "1.0.0"
  resolved "https://registry.yarnpkg.com/fs.realpath/-/fs.realpath-1.0.0.tgz#1504ad2523158caa40db4a2787cb01411994ea4f"
  integrity sha1-FQStJSMVjKpA20onh8sBQRmU6k8=

gh-pages@^3.2.3:
  version "3.2.3"
  resolved "https://registry.yarnpkg.com/gh-pages/-/gh-pages-3.2.3.tgz#897e5f15e111f42af57d21d430b83e5cdf29472c"
  integrity sha512-jA1PbapQ1jqzacECfjUaO9gV8uBgU6XNMV0oXLtfCX3haGLe5Atq8BxlrADhbD6/UdG9j6tZLWAkAybndOXTJg==
  dependencies:
    async "^2.6.1"
    commander "^2.18.0"
    email-addresses "^3.0.1"
    filenamify "^4.3.0"
    find-cache-dir "^3.3.1"
    fs-extra "^8.1.0"
    globby "^6.1.0"

glob-to-regexp@^0.4.1:
  version "0.4.1"
  resolved "https://registry.yarnpkg.com/glob-to-regexp/-/glob-to-regexp-0.4.1.tgz#c75297087c851b9a578bd217dd59a92f59fe546e"
  integrity sha512-lkX1HJXwyMcprw/5YUZc2s7DrpAiHB21/V+E1rHUrVNokkvB6bqMzT0VfV6/86ZNabt1k14YOIaT7nDvOX3Iiw==

glob@^7.0.3:
  version "7.2.0"
  resolved "https://registry.yarnpkg.com/glob/-/glob-7.2.0.tgz#d15535af7732e02e948f4c41628bd910293f6023"
  integrity sha512-lmLf6gtyrPq8tTjSmrO94wBeQbFR3HbLHbuyD69wuyQkImp2hWqMGB47OX65FBkPffO641IP9jWa1z4ivqG26Q==
  dependencies:
    fs.realpath "^1.0.0"
    inflight "^1.0.4"
    inherits "2"
    minimatch "^3.0.4"
    once "^1.3.0"
    path-is-absolute "^1.0.0"

globby@^6.1.0:
  version "6.1.0"
  resolved "https://registry.yarnpkg.com/globby/-/globby-6.1.0.tgz#f5a6d70e8395e21c858fb0489d64df02424d506c"
  integrity sha1-9abXDoOV4hyFj7BInWTfAkJNUGw=
  dependencies:
    array-union "^1.0.1"
    glob "^7.0.3"
    object-assign "^4.0.1"
    pify "^2.0.0"
    pinkie-promise "^2.0.0"

graceful-fs@^4.1.2:
  version "4.2.11"
  resolved "https://registry.yarnpkg.com/graceful-fs/-/graceful-fs-4.2.11.tgz#4183e4e8bf08bb6e05bbb2f7d2e0c8f712ca40e3"
  integrity sha512-RbJ5/jmFcNNCcDV5o9eTnBLJ/HszWV0P73bc+Ff4nS/rJj+YaS6IGyiOL0VoBYX+l1Wrl3k63h/KrH+nhJ0XvQ==

graceful-fs@^4.1.6, graceful-fs@^4.2.0:
  version "4.2.10"
  resolved "https://registry.yarnpkg.com/graceful-fs/-/graceful-fs-4.2.10.tgz#147d3a006da4ca3ce14728c7aefc287c367d7a6c"
  integrity sha512-9ByhssR2fPVsNZj478qUUbKfmL0+t5BDVyjShtyZZLiK7ZDAArFFfopyOTj0M05wE2tJPisA4iTnnXl2YoPvOA==

inflight@^1.0.4:
  version "1.0.6"
  resolved "https://registry.yarnpkg.com/inflight/-/inflight-1.0.6.tgz#49bd6331d7d02d0c09bc910a1075ba8165b56df9"
  integrity sha1-Sb1jMdfQLQwJvJEKEHW6gWW1bfk=
  dependencies:
    once "^1.3.0"
    wrappy "1"

inherits@2:
  version "2.0.4"
  resolved "https://registry.yarnpkg.com/inherits/-/inherits-2.0.4.tgz#0fa2c64f932917c3433a0ded55363aae37416b7c"
  integrity sha512-k/vGaX4/Yla3WzyMCvTQOXYeIHvqOKtnqBduzTHpzpQZzAskKMhZ2K+EnBiSM9zGSoIFeMpXKxa4dYeZIQqewQ==

invariant@^2.2.4:
  version "2.2.4"
  resolved "https://registry.yarnpkg.com/invariant/-/invariant-2.2.4.tgz#610f3c92c9359ce1db616e538008d23ff35158e6"
  integrity sha512-phJfQVBuaJM5raOpJjSfkiD6BpbCE4Ns//LaXl6wGYtUBY83nWS6Rf9tXm2e8VaK60JEjYldbPif/A2B1C2gNA==
  dependencies:
    loose-envify "^1.0.0"

"js-tokens@^3.0.0 || ^4.0.0":
  version "4.0.0"
  resolved "https://registry.yarnpkg.com/js-tokens/-/js-tokens-4.0.0.tgz#19203fb59991df98e3a287050d4647cdeaf32499"
  integrity sha512-RdJUflcE3cUzKiMqQgsCu06FPu9UdIJO0beYbPhHN4k6apgJtifcoCtT9bcxOpYBtpD2kCM6Sbzg4CausW/PKQ==

jsonfile@^4.0.0:
  version "4.0.0"
  resolved "https://registry.yarnpkg.com/jsonfile/-/jsonfile-4.0.0.tgz#8771aae0799b64076b76640fca058f9c10e33ecb"
  integrity sha1-h3Gq4HmbZAdrdmQPygWPnBDjPss=
  optionalDependencies:
    graceful-fs "^4.1.6"

locate-path@^5.0.0:
  version "5.0.0"
  resolved "https://registry.yarnpkg.com/locate-path/-/locate-path-5.0.0.tgz#1afba396afd676a6d42504d0a67a3a7eb9f62aa0"
  integrity sha512-t7hw9pI+WvuwNJXwk5zVHpyhIqzg2qTlklJOf0mVxGSbe3Fp2VieZcduNYjaLDoy6p9uGpQEGWG87WpMKlNq8g==
  dependencies:
    p-locate "^4.1.0"

lodash@^4.17.14:
  version "4.17.21"
  resolved "https://registry.yarnpkg.com/lodash/-/lodash-4.17.21.tgz#679591c564c3bffaae8454cf0b3df370c3d6911c"
  integrity sha512-v2kDEe57lecTulaDIuNTPy3Ry4gLGJ6Z1O3vE1krgXZNrsQ+LFTGHVxVjcXPs17LhbZVGedAJv8XZ1tvj5FvSg==

loose-envify@^1.0.0, loose-envify@^1.1.0, loose-envify@^1.4.0:
  version "1.4.0"
  resolved "https://registry.yarnpkg.com/loose-envify/-/loose-envify-1.4.0.tgz#71ee51fa7be4caec1a63839f7e682d8132d30caf"
  integrity sha512-lyuxPGr/Wfhrlem2CL/UcnUc1zcqKAImBDzukY7Y5F/yQiNdko6+fRLevlw1HgMySw7f611UIY408EtxRSoK3Q==
  dependencies:
    js-tokens "^3.0.0 || ^4.0.0"

make-dir@^3.0.2:
  version "3.1.0"
  resolved "https://registry.yarnpkg.com/make-dir/-/make-dir-3.1.0.tgz#415e967046b3a7f1d185277d84aa58203726a13f"
  integrity sha512-g3FeP20LNwhALb/6Cz6Dd4F2ngze0jz7tbzrD2wAV+o9FeNHe4rL+yK2md0J/fiSf1sa1ADhXqi5+oVwOM/eGw==
  dependencies:
    semver "^6.0.0"

minimatch@^3.0.4:
  version "3.1.2"
  resolved "https://registry.yarnpkg.com/minimatch/-/minimatch-3.1.2.tgz#19cd194bfd3e428f049a70817c038d89ab4be35b"
  integrity sha512-J7p63hRiAjw1NDEww1W7i37+ByIrOWO5XQQAzZ3VOcL0PNybwpfmV/N05zFAzwQ9USyEcX6t3UO+K5aqBQOIHw==
  dependencies:
    brace-expansion "^1.1.7"

nanoid@^3.3.4:
  version "3.3.6"
  resolved "https://registry.yarnpkg.com/nanoid/-/nanoid-3.3.6.tgz#443380c856d6e9f9824267d960b4236ad583ea4c"
  integrity sha512-BGcqMMJuToF7i1rt+2PWSNVnWIkGCU78jBG3RxO/bZlnZPK2Cmi2QaffxGO/2RvWi9sL+FAiRiXMgsyxQ1DIDA==

next@13.5.0:
  version "13.5.0"
  resolved "https://registry.yarnpkg.com/next/-/next-13.5.0.tgz#3a3ce5b8c89c4fff9c6f0b2452bcb03f63d8c84c"
  integrity sha512-mhguN5JPZXhhrD/nNcezXgKoxN8GT8xZvvGhUQV2ETiaNm+KHRWT1rCbrF5FlbG2XCcLRKOmOe3D5YQgXmJrDQ==
  dependencies:
    "@next/env" "13.5.0"
    "@swc/helpers" "0.5.2"
    busboy "1.6.0"
    caniuse-lite "^1.0.30001406"
    postcss "8.4.14"
    styled-jsx "5.1.1"
    watchpack "2.4.0"
    zod "3.21.4"
  optionalDependencies:
    "@next/swc-darwin-arm64" "13.5.0"
    "@next/swc-darwin-x64" "13.5.0"
    "@next/swc-linux-arm64-gnu" "13.5.0"
    "@next/swc-linux-arm64-musl" "13.5.0"
    "@next/swc-linux-x64-gnu" "13.5.0"
    "@next/swc-linux-x64-musl" "13.5.0"
    "@next/swc-win32-arm64-msvc" "13.5.0"
    "@next/swc-win32-ia32-msvc" "13.5.0"
    "@next/swc-win32-x64-msvc" "13.5.0"

object-assign@^4.0.1, object-assign@^4.1.1:
  version "4.1.1"
  resolved "https://registry.yarnpkg.com/object-assign/-/object-assign-4.1.1.tgz#2109adc7965887cfc05cbbd442cac8bfbb360863"
  integrity sha1-IQmtx5ZYh8/AXLvUQsrIv7s2CGM=

once@^1.3.0:
  version "1.4.0"
  resolved "https://registry.yarnpkg.com/once/-/once-1.4.0.tgz#583b1aa775961d4b113ac17d9c50baef9dd76bd1"
  integrity sha1-WDsap3WWHUsROsF9nFC6753Xa9E=
  dependencies:
    wrappy "1"

p-limit@^2.2.0:
  version "2.3.0"
  resolved "https://registry.yarnpkg.com/p-limit/-/p-limit-2.3.0.tgz#3dd33c647a214fdfffd835933eb086da0dc21db1"
  integrity sha512-//88mFWSJx8lxCzwdAABTJL2MyWB12+eIY7MDL2SqLmAkeKU9qxRvWuSyTjm3FUmpBEMuFfckAIqEaVGUDxb6w==
  dependencies:
    p-try "^2.0.0"

p-locate@^4.1.0:
  version "4.1.0"
  resolved "https://registry.yarnpkg.com/p-locate/-/p-locate-4.1.0.tgz#a3428bb7088b3a60292f66919278b7c297ad4f07"
  integrity sha512-R79ZZ/0wAxKGu3oYMlz8jy/kbhsNrS7SKZ7PxEHBgJ5+F2mtFW2fK2cOtBh1cHYkQsbzFV7I+EoRKe6Yt0oK7A==
  dependencies:
    p-limit "^2.2.0"

p-try@^2.0.0:
  version "2.2.0"
  resolved "https://registry.yarnpkg.com/p-try/-/p-try-2.2.0.tgz#cb2868540e313d61de58fafbe35ce9004d5540e6"
  integrity sha512-R4nPAVTAU0B9D35/Gk3uJf/7XYbQcyohSKdvAxIRSNghFl4e71hVoGnBNQz9cWaXxO2I10KTC+3jMdvvoKw6dQ==

path-exists@^4.0.0:
  version "4.0.0"
  resolved "https://registry.yarnpkg.com/path-exists/-/path-exists-4.0.0.tgz#513bdbe2d3b95d7762e8c1137efa195c6c61b5b3"
  integrity sha512-ak9Qy5Q7jYb2Wwcey5Fpvg2KoAc/ZIhLSLOSBmRmygPsGwkVVt0fZa0qrtMz+m6tJTAHfZQ8FnmB4MG4LWy7/w==

path-is-absolute@^1.0.0:
  version "1.0.1"
  resolved "https://registry.yarnpkg.com/path-is-absolute/-/path-is-absolute-1.0.1.tgz#174b9268735534ffbc7ace6bf53a5a9e1b5c5f5f"
  integrity sha1-F0uSaHNVNP+8es5r9TpanhtcX18=

picocolors@^1.0.0:
  version "1.0.0"
  resolved "https://registry.yarnpkg.com/picocolors/-/picocolors-1.0.0.tgz#cb5bdc74ff3f51892236eaf79d68bc44564ab81c"
  integrity sha512-1fygroTLlHu66zi26VoTDv8yRgm0Fccecssto+MhsZ0D/DGW2sm8E8AjW7NU5VVTRt5GxbeZ5qBuJr+HyLYkjQ==

pify@^2.0.0:
  version "2.3.0"
  resolved "https://registry.yarnpkg.com/pify/-/pify-2.3.0.tgz#ed141a6ac043a849ea588498e7dca8b15330e90c"
  integrity sha1-7RQaasBDqEnqWISY59yosVMw6Qw=

pinkie-promise@^2.0.0:
  version "2.0.1"
  resolved "https://registry.yarnpkg.com/pinkie-promise/-/pinkie-promise-2.0.1.tgz#2135d6dfa7a358c069ac9b178776288228450ffa"
  integrity sha1-ITXW36ejWMBprJsXh3YogihFD/o=
  dependencies:
    pinkie "^2.0.0"

pinkie@^2.0.0:
  version "2.0.4"
  resolved "https://registry.yarnpkg.com/pinkie/-/pinkie-2.0.4.tgz#72556b80cfa0d48a974e80e77248e80ed4f7f870"
  integrity sha1-clVrgM+g1IqXToDnckjoDtT3+HA=

pkg-dir@^4.1.0:
  version "4.2.0"
  resolved "https://registry.yarnpkg.com/pkg-dir/-/pkg-dir-4.2.0.tgz#f099133df7ede422e81d1d8448270eeb3e4261f3"
  integrity sha512-HRDzbaKjC+AOWVXxAU/x54COGeIv9eb+6CkDSQoNTt4XyWoIJvuPsXizxu/Fr23EiekbtZwmh1IcIG/l/a10GQ==
  dependencies:
    find-up "^4.0.0"

postcss@8.4.14:
  version "8.4.14"
  resolved "https://registry.yarnpkg.com/postcss/-/postcss-8.4.14.tgz#ee9274d5622b4858c1007a74d76e42e56fd21caf"
  integrity sha512-E398TUmfAYFPBSdzgeieK2Y1+1cpdxJx8yXbK/m57nRhKSmk1GB2tO4lbLBtlkfPQTDKfe4Xqv1ASWPpayPEig==
  dependencies:
    nanoid "^3.3.4"
    picocolors "^1.0.0"
    source-map-js "^1.0.2"

prop-types-extra@^1.1.0:
  version "1.1.1"
  resolved "https://registry.yarnpkg.com/prop-types-extra/-/prop-types-extra-1.1.1.tgz#58c3b74cbfbb95d304625975aa2f0848329a010b"
  integrity sha512-59+AHNnHYCdiC+vMwY52WmvP5dM3QLeoumYuEyceQDi9aEhtwN9zIQ2ZNo25sMyXnbh32h+P1ezDsUpUH3JAew==
  dependencies:
    react-is "^16.3.2"
    warning "^4.0.0"

prop-types@^15.5.8, prop-types@^15.6.2, prop-types@^15.7.2:
  version "15.7.2"
  resolved "https://registry.yarnpkg.com/prop-types/-/prop-types-15.7.2.tgz#52c41e75b8c87e72b9d9360e0206b99dcbffa6c5"
  integrity sha512-8QQikdH7//R2vurIJSutZ1smHYTcLpRWEOlHnzcWHmBYrOGUysKwSsrC89BCiFj3CbrfJ/nXFdJepOVrY1GCHQ==
  dependencies:
    loose-envify "^1.4.0"
    object-assign "^4.1.1"
    react-is "^16.8.1"

react-bootstrap@^1.6.1:
  version "1.6.1"
  resolved "https://registry.yarnpkg.com/react-bootstrap/-/react-bootstrap-1.6.1.tgz#c5493c028ede885826b72eb31e66f6f0a52ab007"
  integrity sha512-ojEPQ6OtyIMdLg0Smofk+85PKN6MLKQX3bU0Vwmok/4yNa8DQ2vCGhO2IgHJvT+ERQZ4X+gAQcdn6msAHSwLBg==
  dependencies:
    "@babel/runtime" "^7.14.0"
    "@restart/context" "^2.1.4"
    "@restart/hooks" "^0.3.26"
    "@types/invariant" "^2.2.33"
    "@types/prop-types" "^15.7.3"
    "@types/react" ">=16.14.8"
    "@types/react-transition-group" "^4.4.1"
    "@types/warning" "^3.0.0"
    classnames "^2.3.1"
    dom-helpers "^5.2.1"
    invariant "^2.2.4"
    prop-types "^15.7.2"
    prop-types-extra "^1.1.0"
    react-overlays "^5.0.1"
    react-transition-group "^4.4.1"
    uncontrollable "^7.2.1"
    warning "^4.0.3"

react-copy-to-clipboard@^5.0.3:
  version "5.0.3"
  resolved "https://registry.yarnpkg.com/react-copy-to-clipboard/-/react-copy-to-clipboard-5.0.3.tgz#2a0623b1115a1d8c84144e9434d3342b5af41ab4"
  integrity sha512-9S3j+m+UxDZOM0Qb8mhnT/rMR0NGSrj9A/073yz2DSxPMYhmYFBMYIdI2X4o8AjOjyFsSNxDRnCX6s/gRxpriw==
  dependencies:
    copy-to-clipboard "^3"
    prop-types "^15.5.8"

react-dom@17.0.2:
  version "17.0.2"
  resolved "https://registry.yarnpkg.com/react-dom/-/react-dom-17.0.2.tgz#ecffb6845e3ad8dbfcdc498f0d0a939736502c23"
  integrity sha512-s4h96KtLDUQlsENhMn1ar8t2bEa+q/YAtj8pPPdIjPDGBDIVNsrD9aXNWqspUe6AzKCIG0C1HZZLqLV7qpOBGA==
  dependencies:
    loose-envify "^1.1.0"
    object-assign "^4.1.1"
    scheduler "^0.20.2"

react-is@^16.3.2, react-is@^16.8.1:
  version "16.13.1"
  resolved "https://registry.yarnpkg.com/react-is/-/react-is-16.13.1.tgz#789729a4dc36de2999dc156dd6c1d9c18cea56a4"
  integrity sha512-24e6ynE2H+OKt4kqsOvNd8kBpV65zoxbA4BVsEOB3ARVWQki/DHzaUoC5KuON/BiccDaCCTZBuOcfZs70kR8bQ==

react-lifecycles-compat@^3.0.4:
  version "3.0.4"
  resolved "https://registry.yarnpkg.com/react-lifecycles-compat/-/react-lifecycles-compat-3.0.4.tgz#4f1a273afdfc8f3488a8c516bfda78f872352362"
  integrity sha512-fBASbA6LnOU9dOU2eW7aQ8xmYBSXUIWr+UmF9b1efZBazGNO+rcXT/icdKnYm2pTwcRylVUYwW7H1PHfLekVzA==

react-overlays@^5.0.1:
  version "5.1.1"
  resolved "https://registry.yarnpkg.com/react-overlays/-/react-overlays-5.1.1.tgz#2e7cf49744b56537c7828ccb94cfc63dd778ae4f"
  integrity sha512-eCN2s2/+GVZzpnId4XVWtvDPYYBD2EtOGP74hE+8yDskPzFy9+pV1H3ZZihxuRdEbQzzacySaaDkR7xE0ydl4Q==
  dependencies:
    "@babel/runtime" "^7.13.8"
    "@popperjs/core" "^2.8.6"
    "@restart/hooks" "^0.3.26"
    "@types/warning" "^3.0.0"
    dom-helpers "^5.2.0"
    prop-types "^15.7.2"
    uncontrollable "^7.2.1"
    warning "^4.0.3"

react-transition-group@^4.4.1:
  version "4.4.2"
  resolved "https://registry.yarnpkg.com/react-transition-group/-/react-transition-group-4.4.2.tgz#8b59a56f09ced7b55cbd53c36768b922890d5470"
  integrity sha512-/RNYfRAMlZwDSr6z4zNKV6xu53/e2BuaBbGhbyYIXTrmgu/bGHzmqOs7mJSJBHy9Ud+ApHx3QjrkKSp1pxvlFg==
  dependencies:
    "@babel/runtime" "^7.5.5"
    dom-helpers "^5.0.1"
    loose-envify "^1.4.0"
    prop-types "^15.6.2"

react@17.0.2:
  version "17.0.2"
  resolved "https://registry.yarnpkg.com/react/-/react-17.0.2.tgz#d0b5cc516d29eb3eee383f75b62864cfb6800037"
  integrity sha512-gnhPt75i/dq/z3/6q/0asP78D0u592D5L1pd7M8P+dck6Fu/jJeL6iVVK23fptSUZj8Vjf++7wXA8UNclGQcbA==
  dependencies:
    loose-envify "^1.1.0"
    object-assign "^4.1.1"

regenerator-runtime@^0.13.4:
  version "0.13.9"
  resolved "https://registry.yarnpkg.com/regenerator-runtime/-/regenerator-runtime-0.13.9.tgz#8925742a98ffd90814988d7566ad30ca3b263b52"
  integrity sha512-p3VT+cOEgxFsRRA9X4lkI1E+k2/CtnKtU4gcxyaCUreilL/vqI6CdZ3wxVUx3UOUg+gnUOQQcRI7BmSI656MYA==

scheduler@^0.20.2:
  version "0.20.2"
  resolved "https://registry.yarnpkg.com/scheduler/-/scheduler-0.20.2.tgz#4baee39436e34aa93b4874bddcbf0fe8b8b50e91"
  integrity sha512-2eWfGgAqqWFGqtdMmcL5zCMK1U8KlXv8SQFGglL3CEtd0aDVDWgeF/YoCmvln55m5zSk3J/20hTaSBeSObsQDQ==
  dependencies:
    loose-envify "^1.1.0"
    object-assign "^4.1.1"

semver@^6.0.0:
  version "6.3.1"
  resolved "https://registry.yarnpkg.com/semver/-/semver-6.3.1.tgz#556d2ef8689146e46dcea4bfdd095f3434dffcb4"
  integrity sha512-BR7VvDCVHO+q2xBEWskxS6DJE1qRnb7DxzUrogb71CWoSficBxYsiAGd+Kl0mmq/MprG9yArRkyrQxTO6XjMzA==

source-map-js@^1.0.2:
  version "1.0.2"
  resolved "https://registry.yarnpkg.com/source-map-js/-/source-map-js-1.0.2.tgz#adbc361d9c62df380125e7f161f71c826f1e490c"
  integrity sha512-R0XvVJ9WusLiqTCEiGCmICCMplcCkIwwR11mOSD9CR5u+IXYdiseeEuXCVAjS54zqwkLcPNnmU4OeJ6tUrWhDw==

streamsearch@^1.1.0:
  version "1.1.0"
  resolved "https://registry.yarnpkg.com/streamsearch/-/streamsearch-1.1.0.tgz#404dd1e2247ca94af554e841a8ef0eaa238da764"
  integrity sha512-Mcc5wHehp9aXz1ax6bZUyY5afg9u2rv5cqQI3mRrYkGC8rW2hM02jWuwjtL++LS5qinSyhj2QfLyNsuc+VsExg==

strip-outer@^1.0.1:
  version "1.0.1"
  resolved "https://registry.yarnpkg.com/strip-outer/-/strip-outer-1.0.1.tgz#b2fd2abf6604b9d1e6013057195df836b8a9d631"
  integrity sha512-k55yxKHwaXnpYGsOzg4Vl8+tDrWylxDEpknGjhTiZB8dFRU5rTo9CAzeycivxV3s+zlTKwrs6WxMxR95n26kwg==
  dependencies:
    escape-string-regexp "^1.0.2"

styled-jsx@5.1.1:
  version "5.1.1"
  resolved "https://registry.yarnpkg.com/styled-jsx/-/styled-jsx-5.1.1.tgz#839a1c3aaacc4e735fed0781b8619ea5d0009d1f"
  integrity sha512-pW7uC1l4mBZ8ugbiZrcIsiIvVx1UmTfw7UkC3Um2tmfUq9Bhk8IiyEIPl6F8agHgjzku6j0xQEZbfA5uSgSaCw==
  dependencies:
    client-only "0.0.1"

toggle-selection@^1.0.6:
  version "1.0.6"
  resolved "https://registry.yarnpkg.com/toggle-selection/-/toggle-selection-1.0.6.tgz#6e45b1263f2017fa0acc7d89d78b15b8bf77da32"
  integrity sha1-bkWxJj8gF/oKzH2J14sVuL932jI=

trim-repeated@^1.0.0:
  version "1.0.0"
  resolved "https://registry.yarnpkg.com/trim-repeated/-/trim-repeated-1.0.0.tgz#e3646a2ea4e891312bf7eace6cfb05380bc01c21"
  integrity sha1-42RqLqTokTEr9+rObPsFOAvAHCE=
  dependencies:
    escape-string-regexp "^1.0.2"

tslib@^2.4.0:
  version "2.6.2"
  resolved "https://registry.yarnpkg.com/tslib/-/tslib-2.6.2.tgz#703ac29425e7b37cd6fd456e92404d46d1f3e4ae"
  integrity sha512-AEYxH93jGFPn/a2iVAwW87VuUIkR1FVUKB77NwMF7nBTDkDrrT/Hpt/IrCJ0QXhW27jTBDcf5ZY7w6RiqTMw2Q==

typescript@^4.3.5:
  version "4.3.5"
  resolved "https://registry.yarnpkg.com/typescript/-/typescript-4.3.5.tgz#4d1c37cc16e893973c45a06886b7113234f119f4"
  integrity sha512-DqQgihaQ9cUrskJo9kIyW/+g0Vxsk8cDtZ52a3NGh0YNTfpUSArXSohyUGnvbPazEPLu398C0UxmKSOrPumUzA==

uncontrollable@^7.2.1:
  version "7.2.1"
  resolved "https://registry.yarnpkg.com/uncontrollable/-/uncontrollable-7.2.1.tgz#1fa70ba0c57a14d5f78905d533cf63916dc75738"
  integrity sha512-svtcfoTADIB0nT9nltgjujTi7BzVmwjZClOmskKu/E8FW9BXzg9os8OLr4f8Dlnk0rYWJIWr4wv9eKUXiQvQwQ==
  dependencies:
    "@babel/runtime" "^7.6.3"
    "@types/react" ">=16.9.11"
    invariant "^2.2.4"
    react-lifecycles-compat "^3.0.4"

universalify@^0.1.0:
  version "0.1.2"
  resolved "https://registry.yarnpkg.com/universalify/-/universalify-0.1.2.tgz#b646f69be3942dabcecc9d6639c80dc105efaa66"
  integrity sha512-rBJeI5CXAlmy1pV+617WB9J63U6XcazHHF2f2dbJix4XzpUF0RS3Zbj0FGIOCAva5P/d/GBOYaACQ1w+0azUkg==

warning@^4.0.0, warning@^4.0.3:
  version "4.0.3"
  resolved "https://registry.yarnpkg.com/warning/-/warning-4.0.3.tgz#16e9e077eb8a86d6af7d64aa1e05fd85b4678ca3"
  integrity sha512-rpJyN222KWIvHJ/F53XSZv0Zl/accqHR8et1kpaMTD/fLCRxtV8iX8czMzY7sVZupTI3zcUTg8eycS2kNF9l6w==
  dependencies:
    loose-envify "^1.0.0"

watchpack@2.4.0:
  version "2.4.0"
  resolved "https://registry.yarnpkg.com/watchpack/-/watchpack-2.4.0.tgz#fa33032374962c78113f93c7f2fb4c54c9862a5d"
  integrity sha512-Lcvm7MGST/4fup+ifyKi2hjyIAwcdI4HRgtvTpIUxBRhB+RFtUh8XtDOxUfctVCnhVi+QQj49i91OyvzkJl6cg==
  dependencies:
    glob-to-regexp "^0.4.1"
    graceful-fs "^4.1.2"

wrappy@1:
  version "1.0.2"
  resolved "https://registry.yarnpkg.com/wrappy/-/wrappy-1.0.2.tgz#b5243d8f3ec1aa35f1364605bc0d1036e30ab69f"
  integrity sha1-tSQ9jz7BqjXxNkYFvA0QNuMKtp8=

zod@3.21.4:
  version "3.21.4"
  resolved "https://registry.yarnpkg.com/zod/-/zod-3.21.4.tgz#10882231d992519f0a10b5dd58a38c9dabbb64db"
  integrity sha512-m46AKbrzKVzOzs/DZgVnG5H55N1sv1M8qZU3A8RIKbs3mrACDNeIOeilDymVb2HdmP8uwshOCF4uJ8uM9rCqJw==
